{
  "name": "daily-account-rollup",
  "version": "1.0.0",
  "lockfileVersion": 3,
  "requires": true,
  "packages": {
    "": {
      "name": "daily-account-rollup",
      "version": "1.0.0",
      "private": true,
      "type": "module",
      "engines": {
        "node": "20.x"
      }
    }
  }
}
